
Microsoft Visual Studio Solution File, Format Version 12.00
# Visual Studio Version 17
VisualStudioVersion = 17.8.34330.188
MinimumVisualStudioVersion = 10.0.40219.1
Project("{9A19103F-16F7-4668-BE54-9A1E7A4F7556}") = "DhyanTimeMachine", "DhyanTimeMachine.csproj", "{EA871F03-C414-4C9B-9087-A8299982CEF3}"
EndProject
Global
	GlobalSection(SolutionConfigurationPlatforms) = preSolution
		Debug|Any CPU = Debug|Any CPU
		Release|Any CPU = Release|Any CPU
	EndGlobalSection
	GlobalSection(ProjectConfigurationPlatforms) = postSolution
		{EA871F03-C414-4C9B-9087-A8299982CEF3}.Debug|Any CPU.ActiveCfg = Debug|Any CPU
		{EA871F03-C414-4C9B-9087-A8299982CEF3}.Debug|Any CPU.Build.0 = Debug|Any CPU
		{EA871F03-C414-4C9B-9087-A8299982CEF3}.Release|Any CPU.ActiveCfg = Release|Any CPU
		{EA871F03-C414-4C9B-9087-A8299982CEF3}.Release|Any CPU.Build.0 = Release|Any CPU
	EndGlobalSection
	GlobalSection(SolutionProperties) = preSolution
		HideSolutionNode = FALSE
	EndGlobalSection
	GlobalSection(ExtensibilityGlobals) = postSolution
		SolutionGuid = {937DF19E-A212-4905-8119-978CE9FD5B6F}
	EndGlobalSection
EndGlobal
